
Microsoft Visual Studio Solution File, Format Version 12.00
# Visual Studio Version 17
VisualStudioVersion = 17.6.33712.159
MinimumVisualStudioVersion = 10.0.40219.1
Project("{FAE04EC0-301F-11D3-BF4B-00C04F79EFBC}") = "Bandodientu", "F:\Bandodientu\Bandodientu\Bandodientu.csproj", "{D6E661D5-C067-433E-A817-DF4989CDA33A}"
EndProject
Global
	GlobalSection(SolutionConfigurationPlatforms) = preSolution
		Debug|Any CPU = Debug|Any CPU
		Release|Any CPU = Release|Any CPU
	EndGlobalSection
	GlobalSection(ProjectConfigurationPlatforms) = postSolution
		{D6E661D5-C067-433E-A817-DF4989CDA33A}.Debug|Any CPU.ActiveCfg = Debug|Any CPU
		{D6E661D5-C067-433E-A817-DF4989CDA33A}.Debug|Any CPU.Build.0 = Debug|Any CPU
		{D6E661D5-C067-433E-A817-DF4989CDA33A}.Release|Any CPU.ActiveCfg = Release|Any CPU
		{D6E661D5-C067-433E-A817-DF4989CDA33A}.Release|Any CPU.Build.0 = Release|Any CPU
	EndGlobalSection
	GlobalSection(SolutionProperties) = preSolution
		HideSolutionNode = FALSE
	EndGlobalSection
	GlobalSection(ExtensibilityGlobals) = postSolution
		SolutionGuid = {E5C936F6-924B-4409-9773-76ED6DF5C8E9}
	EndGlobalSection
EndGlobal
